
Microsoft Visual Studio Solution File, Format Version 12.00
# Visual Studio Version 17
VisualStudioVersion = 17.4.33213.308
MinimumVisualStudioVersion = 10.0.40219.1
Project("{2150E333-8FDC-42A3-9474-1A3956D46DE8}") = "Assets", "Assets", "{A00DCE90-84B7-4F9C-8431-850600A737FD}"
EndProject
Project("{2150E333-8FDC-42A3-9474-1A3956D46DE8}") = "Engine", "Engine", "{D83FB1B6-3035-4BAA-B368-60680853F330}"
EndProject
Project("{2150E333-8FDC-42A3-9474-1A3956D46DE8}") = "External", "External", "{F277303F-62A6-4EC3-A9EA-273E589B6DBF}"
EndProject
Project("{2150E333-8FDC-42A3-9474-1A3956D46DE8}") = "Framework", "Framework", "{61948FAA-D072-475A-84DF-2829D3273F60}"
EndProject
Project("{2150E333-8FDC-42A3-9474-1A3956D46DE8}") = "VSProps", "VSProps", "{AA27C3F9-E91E-48F7-B930-4018C602A324}"
EndProject
Project("{8BC9CEB8-8B4A-11D0-8D11-00A0C91BC942}") = "Core", "Framework\Core\Core.vcxproj", "{D24DDC53-9A5D-41B6-BDE0-3657E0762058}"
EndProject
Project("{8BC9CEB8-8B4A-11D0-8D11-00A0C91BC942}") = "Input", "Framework\Input\Input.vcxproj", "{3629F01A-6FED-42EB-B308-E9F7F1346EAF}"
EndProject
Project("{8BC9CEB8-8B4A-11D0-8D11-00A0C91BC942}") = "Math", "Framework\Math\Math.vcxproj", "{4E8C6125-F681-4735-B2D4-EB5CEBA61B57}"
EndProject
Project("{8BC9CEB8-8B4A-11D0-8D11-00A0C91BC942}") = "Graphics", "Framework\Graphics\Graphics.vcxproj", "{DC3CC62C-99A6-4D8C-A3A4-4CEB2AC72854}"
EndProject
Project("{2150E333-8FDC-42A3-9474-1A3956D46DE8}") = "Shaders", "Shaders", "{3A8BEEC5-CA93-40B8-BAD2-A2E4898DAB1D}"
	ProjectSection(SolutionItems) = preProject
		Assets\Shaders\Billboard.fx = Assets\Shaders\Billboard.fx
		Assets\Shaders\CelShader.fx = Assets\Shaders\CelShader.fx
		Assets\Shaders\DoNothing.fx = Assets\Shaders\DoNothing.fx
		Assets\Shaders\DoSomething.fx = Assets\Shaders\DoSomething.fx
		Assets\Shaders\DoTexturing.fx = Assets\Shaders\DoTexturing.fx
		Assets\Shaders\DoTransform.fx = Assets\Shaders\DoTransform.fx
		Assets\Shaders\GaussianBlur.fx = Assets\Shaders\GaussianBlur.fx
		Assets\Shaders\NightVision.fx = Assets\Shaders\NightVision.fx
		Assets\Shaders\Particle.fx = Assets\Shaders\Particle.fx
		Assets\Shaders\PostProcess.fx = Assets\Shaders\PostProcess.fx
		Assets\Shaders\Shadow.fx = Assets\Shaders\Shadow.fx
		Assets\Shaders\Standard.fx = Assets\Shaders\Standard.fx
		Assets\Shaders\Terrain.fx = Assets\Shaders\Terrain.fx
	EndProjectSection
EndProject
Project("{8BC9CEB8-8B4A-11D0-8D11-00A0C91BC942}") = "DirectXTK_Desktop_2019", "External\DirectXTK\DirectXTK_Desktop_2019.vcxproj", "{E0B52AE7-E160-4D32-BF3F-910B785E5A8E}"
EndProject
Project("{8BC9CEB8-8B4A-11D0-8D11-00A0C91BC942}") = "ImGui", "External\ImGui\ImGui.vcxproj", "{52D656A2-A2F4-4C54-A3C7-653427BED1E8}"
EndProject
Project("{8BC9CEB8-8B4A-11D0-8D11-00A0C91BC942}") = "Kick_Engine", "Kick_Engine\Kick_Engine.vcxproj", "{1B572444-1CD1-4089-89AE-10C1CEB8F3FB}"
EndProject
Project("{2150E333-8FDC-42A3-9474-1A3956D46DE8}") = "Tools", "Tools", "{6E9E436F-BC56-4502-BF89-538E7089413E}"
EndProject
Project("{8BC9CEB8-8B4A-11D0-8D11-00A0C91BC942}") = "ModelImporter", "Tools\ModelImporter\ModelImporter.vcxproj", "{75354D70-3977-4F29-AE8E-DB8564774724}"
EndProject
Project("{8BC9CEB8-8B4A-11D0-8D11-00A0C91BC942}") = "Bullet", "External\Bullet\Bullet.vcxproj", "{516192EB-788A-4FE7-B2B7-2EF9AC036B12}"
EndProject
Project("{8BC9CEB8-8B4A-11D0-8D11-00A0C91BC942}") = "Physics", "Framework\Physics\Physics.vcxproj", "{DE2316E0-208D-4D74-AE54-C57EAED8B1FE}"
EndProject
Project("{8BC9CEB8-8B4A-11D0-8D11-00A0C91BC942}") = "DirectXTKAudio_Desktop_2022_Win8", "External\DirectXTK\Audio\DirectXTKAudio_Desktop_2022_Win8.vcxproj", "{4F150A30-CECB-49D1-8283-6A3F57438CF5}"
EndProject
Project("{8BC9CEB8-8B4A-11D0-8D11-00A0C91BC942}") = "Audio", "Framework\Audio\Audio.vcxproj", "{48C7E85C-F1D0-48BA-B8D1-E8AD1C2089D1}"
EndProject
Project("{2150E333-8FDC-42A3-9474-1A3956D46DE8}") = "Templates", "Templates", "{692937C8-6B6D-4FA6-9E40-37264949B7A3}"
	ProjectSection(SolutionItems) = preProject
		Assets\Templates\fps_camera.json = Assets\Templates\fps_camera.json
		Assets\Templates\ground.json = Assets\Templates\ground.json
		Assets\Templates\test_character.json = Assets\Templates\test_character.json
		Assets\Templates\test_model.json = Assets\Templates\test_model.json
		Assets\Templates\test_object.json = Assets\Templates\test_object.json
		Assets\Templates\test_ui_button.json = Assets\Templates\test_ui_button.json
		Assets\Templates\test_ui_text.json = Assets\Templates\test_ui_text.json
		Assets\Templates\tps_camera.json = Assets\Templates\tps_camera.json
	EndProjectSection
EndProject
Project("{2150E333-8FDC-42A3-9474-1A3956D46DE8}") = "Levels", "Levels", "{B7B48EE2-25C6-472E-AE8F-B2A7D24866A0}"
	ProjectSection(SolutionItems) = preProject
		Assets\Templates\Levels\test_edit_level.json = Assets\Templates\Levels\test_edit_level.json
		Assets\Templates\Levels\test_gameworld.json = Assets\Templates\Levels\test_gameworld.json
		Assets\Templates\Levels\test_level.json = Assets\Templates\Levels\test_level.json
		Assets\Templates\test_ui_sprite.json = Assets\Templates\test_ui_sprite.json
	EndProjectSection
EndProject
Project("{8BC9CEB8-8B4A-11D0-8D11-00A0C91BC942}") = "FW1FontWrapper", "External\FW1FontWrapper\FW1FontWrapper.vcxproj", "{0D034612-14E2-44E7-993A-72344A2CA7BD}"
EndProject
Project("{2150E333-8FDC-42A3-9474-1A3956D46DE8}") = "GameWorld", "GameWorld", "{00CF8DA9-0A2B-4282-8C2D-AC01A0AC13C1}"
EndProject
Project("{8BC9CEB8-8B4A-11D0-8D11-00A0C91BC942}") = "22_HelloMemory", "GameWorld\22_HelloMemory\22_HelloMemory.vcxproj", "{C6BACB65-25ED-4DC8-90F1-FE0AD96FD9D5}"
EndProject
Project("{8BC9CEB8-8B4A-11D0-8D11-00A0C91BC942}") = "23_HelloGameObject", "GameWorld\23_HelloGameObject\23_HelloGameObject.vcxproj", "{24AAD9D5-7D2F-4FC9-9E29-3AB807944609}"
EndProject
Project("{8BC9CEB8-8B4A-11D0-8D11-00A0C91BC942}") = "25_HelloGameWorld", "GameWorld\25_HelloGameWorld\25_HelloGameWorld.vcxproj", "{C4D2E0CB-BC8A-45B3-803F-3053614C72B0}"
EndProject
Project("{8BC9CEB8-8B4A-11D0-8D11-00A0C91BC942}") = "26_HelloFinal", "GameWorld\26_HelloLen\26_HelloLen.vcxproj", "{C8B4720F-51C0-44C9-8CDB-C63420FBF1E0}"
EndProject
Global
	GlobalSection(SolutionConfigurationPlatforms) = preSolution
		Debug|x64 = Debug|x64
		Debug|x86 = Debug|x86
		Release|x64 = Release|x64
		Release|x86 = Release|x86
	EndGlobalSection
	GlobalSection(ProjectConfigurationPlatforms) = postSolution
		{D24DDC53-9A5D-41B6-BDE0-3657E0762058}.Debug|x64.ActiveCfg = Debug|x64
		{D24DDC53-9A5D-41B6-BDE0-3657E0762058}.Debug|x64.Build.0 = Debug|x64
		{D24DDC53-9A5D-41B6-BDE0-3657E0762058}.Debug|x86.ActiveCfg = Debug|Win32
		{D24DDC53-9A5D-41B6-BDE0-3657E0762058}.Debug|x86.Build.0 = Debug|Win32
		{D24DDC53-9A5D-41B6-BDE0-3657E0762058}.Release|x64.ActiveCfg = Release|x64
		{D24DDC53-9A5D-41B6-BDE0-3657E0762058}.Release|x64.Build.0 = Release|x64
		{D24DDC53-9A5D-41B6-BDE0-3657E0762058}.Release|x86.ActiveCfg = Release|Win32
		{D24DDC53-9A5D-41B6-BDE0-3657E0762058}.Release|x86.Build.0 = Release|Win32
		{3629F01A-6FED-42EB-B308-E9F7F1346EAF}.Debug|x64.ActiveCfg = Debug|x64
		{3629F01A-6FED-42EB-B308-E9F7F1346EAF}.Debug|x64.Build.0 = Debug|x64
		{3629F01A-6FED-42EB-B308-E9F7F1346EAF}.Debug|x86.ActiveCfg = Debug|Win32
		{3629F01A-6FED-42EB-B308-E9F7F1346EAF}.Debug|x86.Build.0 = Debug|Win32
		{3629F01A-6FED-42EB-B308-E9F7F1346EAF}.Release|x64.ActiveCfg = Release|x64
		{3629F01A-6FED-42EB-B308-E9F7F1346EAF}.Release|x64.Build.0 = Release|x64
		{3629F01A-6FED-42EB-B308-E9F7F1346EAF}.Release|x86.ActiveCfg = Release|Win32
		{3629F01A-6FED-42EB-B308-E9F7F1346EAF}.Release|x86.Build.0 = Release|Win32
		{4E8C6125-F681-4735-B2D4-EB5CEBA61B57}.Debug|x64.ActiveCfg = Debug|x64
		{4E8C6125-F681-4735-B2D4-EB5CEBA61B57}.Debug|x64.Build.0 = Debug|x64
		{4E8C6125-F681-4735-B2D4-EB5CEBA61B57}.Debug|x86.ActiveCfg = Debug|Win32
		{4E8C6125-F681-4735-B2D4-EB5CEBA61B57}.Debug|x86.Build.0 = Debug|Win32
		{4E8C6125-F681-4735-B2D4-EB5CEBA61B57}.Release|x64.ActiveCfg = Release|x64
		{4E8C6125-F681-4735-B2D4-EB5CEBA61B57}.Release|x64.Build.0 = Release|x64
		{4E8C6125-F681-4735-B2D4-EB5CEBA61B57}.Release|x86.ActiveCfg = Release|Win32
		{4E8C6125-F681-4735-B2D4-EB5CEBA61B57}.Release|x86.Build.0 = Release|Win32
		{DC3CC62C-99A6-4D8C-A3A4-4CEB2AC72854}.Debug|x64.ActiveCfg = Debug|x64
		{DC3CC62C-99A6-4D8C-A3A4-4CEB2AC72854}.Debug|x64.Build.0 = Debug|x64
		{DC3CC62C-99A6-4D8C-A3A4-4CEB2AC72854}.Debug|x86.ActiveCfg = Debug|Win32
		{DC3CC62C-99A6-4D8C-A3A4-4CEB2AC72854}.Debug|x86.Build.0 = Debug|Win32
		{DC3CC62C-99A6-4D8C-A3A4-4CEB2AC72854}.Release|x64.ActiveCfg = Release|x64
		{DC3CC62C-99A6-4D8C-A3A4-4CEB2AC72854}.Release|x64.Build.0 = Release|x64
		{DC3CC62C-99A6-4D8C-A3A4-4CEB2AC72854}.Release|x86.ActiveCfg = Release|Win32
		{DC3CC62C-99A6-4D8C-A3A4-4CEB2AC72854}.Release|x86.Build.0 = Release|Win32
		{E0B52AE7-E160-4D32-BF3F-910B785E5A8E}.Debug|x64.ActiveCfg = Debug|x64
		{E0B52AE7-E160-4D32-BF3F-910B785E5A8E}.Debug|x64.Build.0 = Debug|x64
		{E0B52AE7-E160-4D32-BF3F-910B785E5A8E}.Debug|x86.ActiveCfg = Debug|Win32
		{E0B52AE7-E160-4D32-BF3F-910B785E5A8E}.Debug|x86.Build.0 = Debug|Win32
		{E0B52AE7-E160-4D32-BF3F-910B785E5A8E}.Release|x64.ActiveCfg = Release|x64
		{E0B52AE7-E160-4D32-BF3F-910B785E5A8E}.Release|x64.Build.0 = Release|x64
		{E0B52AE7-E160-4D32-BF3F-910B785E5A8E}.Release|x86.ActiveCfg = Release|Win32
		{E0B52AE7-E160-4D32-BF3F-910B785E5A8E}.Release|x86.Build.0 = Release|Win32
		{52D656A2-A2F4-4C54-A3C7-653427BED1E8}.Debug|x64.ActiveCfg = Debug|x64
		{52D656A2-A2F4-4C54-A3C7-653427BED1E8}.Debug|x64.Build.0 = Debug|x64
		{52D656A2-A2F4-4C54-A3C7-653427BED1E8}.Debug|x86.ActiveCfg = Debug|Win32
		{52D656A2-A2F4-4C54-A3C7-653427BED1E8}.Debug|x86.Build.0 = Debug|Win32
		{52D656A2-A2F4-4C54-A3C7-653427BED1E8}.Release|x64.ActiveCfg = Release|x64
		{52D656A2-A2F4-4C54-A3C7-653427BED1E8}.Release|x64.Build.0 = Release|x64
		{52D656A2-A2F4-4C54-A3C7-653427BED1E8}.Release|x86.ActiveCfg = Release|Win32
		{52D656A2-A2F4-4C54-A3C7-653427BED1E8}.Release|x86.Build.0 = Release|Win32
		{1B572444-1CD1-4089-89AE-10C1CEB8F3FB}.Debug|x64.ActiveCfg = Debug|x64
		{1B572444-1CD1-4089-89AE-10C1CEB8F3FB}.Debug|x64.Build.0 = Debug|x64
		{1B572444-1CD1-4089-89AE-10C1CEB8F3FB}.Debug|x86.ActiveCfg = Debug|Win32
		{1B572444-1CD1-4089-89AE-10C1CEB8F3FB}.Debug|x86.Build.0 = Debug|Win32
		{1B572444-1CD1-4089-89AE-10C1CEB8F3FB}.Release|x64.ActiveCfg = Release|x64
		{1B572444-1CD1-4089-89AE-10C1CEB8F3FB}.Release|x64.Build.0 = Release|x64
		{1B572444-1CD1-4089-89AE-10C1CEB8F3FB}.Release|x86.ActiveCfg = Release|Win32
		{1B572444-1CD1-4089-89AE-10C1CEB8F3FB}.Release|x86.Build.0 = Release|Win32
		{75354D70-3977-4F29-AE8E-DB8564774724}.Debug|x64.ActiveCfg = Debug|x64
		{75354D70-3977-4F29-AE8E-DB8564774724}.Debug|x64.Build.0 = Debug|x64
		{75354D70-3977-4F29-AE8E-DB8564774724}.Debug|x86.ActiveCfg = Debug|Win32
		{75354D70-3977-4F29-AE8E-DB8564774724}.Debug|x86.Build.0 = Debug|Win32
		{75354D70-3977-4F29-AE8E-DB8564774724}.Release|x64.ActiveCfg = Release|x64
		{75354D70-3977-4F29-AE8E-DB8564774724}.Release|x64.Build.0 = Release|x64
		{75354D70-3977-4F29-AE8E-DB8564774724}.Release|x86.ActiveCfg = Release|Win32
		{75354D70-3977-4F29-AE8E-DB8564774724}.Release|x86.Build.0 = Release|Win32
		{516192EB-788A-4FE7-B2B7-2EF9AC036B12}.Debug|x64.ActiveCfg = Debug|x64
		{516192EB-788A-4FE7-B2B7-2EF9AC036B12}.Debug|x64.Build.0 = Debug|x64
		{516192EB-788A-4FE7-B2B7-2EF9AC036B12}.Debug|x86.ActiveCfg = Debug|Win32
		{516192EB-788A-4FE7-B2B7-2EF9AC036B12}.Debug|x86.Build.0 = Debug|Win32
		{516192EB-788A-4FE7-B2B7-2EF9AC036B12}.Release|x64.ActiveCfg = Release|x64
		{516192EB-788A-4FE7-B2B7-2EF9AC036B12}.Release|x64.Build.0 = Release|x64
		{516192EB-788A-4FE7-B2B7-2EF9AC036B12}.Release|x86.ActiveCfg = Release|Win32
		{516192EB-788A-4FE7-B2B7-2EF9AC036B12}.Release|x86.Build.0 = Release|Win32
		{DE2316E0-208D-4D74-AE54-C57EAED8B1FE}.Debug|x64.ActiveCfg = Debug|x64
		{DE2316E0-208D-4D74-AE54-C57EAED8B1FE}.Debug|x64.Build.0 = Debug|x64
		{DE2316E0-208D-4D74-AE54-C57EAED8B1FE}.Debug|x86.ActiveCfg = Debug|Win32
		{DE2316E0-208D-4D74-AE54-C57EAED8B1FE}.Debug|x86.Build.0 = Debug|Win32
		{DE2316E0-208D-4D74-AE54-C57EAED8B1FE}.Release|x64.ActiveCfg = Release|x64
		{DE2316E0-208D-4D74-AE54-C57EAED8B1FE}.Release|x64.Build.0 = Release|x64
		{DE2316E0-208D-4D74-AE54-C57EAED8B1FE}.Release|x86.ActiveCfg = Release|Win32
		{DE2316E0-208D-4D74-AE54-C57EAED8B1FE}.Release|x86.Build.0 = Release|Win32
		{4F150A30-CECB-49D1-8283-6A3F57438CF5}.Debug|x64.ActiveCfg = Debug|x64
		{4F150A30-CECB-49D1-8283-6A3F57438CF5}.Debug|x64.Build.0 = Debug|x64
		{4F150A30-CECB-49D1-8283-6A3F57438CF5}.Debug|x86.ActiveCfg = Debug|Win32
		{4F150A30-CECB-49D1-8283-6A3F57438CF5}.Debug|x86.Build.0 = Debug|Win32
		{4F150A30-CECB-49D1-8283-6A3F57438CF5}.Release|x64.ActiveCfg = Release|x64
		{4F150A30-CECB-49D1-8283-6A3F57438CF5}.Release|x64.Build.0 = Release|x64
		{4F150A30-CECB-49D1-8283-6A3F57438CF5}.Release|x86.ActiveCfg = Release|Win32
		{4F150A30-CECB-49D1-8283-6A3F57438CF5}.Release|x86.Build.0 = Release|Win32
		{48C7E85C-F1D0-48BA-B8D1-E8AD1C2089D1}.Debug|x64.ActiveCfg = Debug|x64
		{48C7E85C-F1D0-48BA-B8D1-E8AD1C2089D1}.Debug|x64.Build.0 = Debug|x64
		{48C7E85C-F1D0-48BA-B8D1-E8AD1C2089D1}.Debug|x86.ActiveCfg = Debug|Win32
		{48C7E85C-F1D0-48BA-B8D1-E8AD1C2089D1}.Debug|x86.Build.0 = Debug|Win32
		{48C7E85C-F1D0-48BA-B8D1-E8AD1C2089D1}.Release|x64.ActiveCfg = Release|x64
		{48C7E85C-F1D0-48BA-B8D1-E8AD1C2089D1}.Release|x64.Build.0 = Release|x64
		{48C7E85C-F1D0-48BA-B8D1-E8AD1C2089D1}.Release|x86.ActiveCfg = Release|Win32
		{48C7E85C-F1D0-48BA-B8D1-E8AD1C2089D1}.Release|x86.Build.0 = Release|Win32
		{0D034612-14E2-44E7-993A-72344A2CA7BD}.Debug|x64.ActiveCfg = Debug|x64
		{0D034612-14E2-44E7-993A-72344A2CA7BD}.Debug|x64.Build.0 = Debug|x64
		{0D034612-14E2-44E7-993A-72344A2CA7BD}.Debug|x86.ActiveCfg = Debug|Win32
		{0D034612-14E2-44E7-993A-72344A2CA7BD}.Debug|x86.Build.0 = Debug|Win32
		{0D034612-14E2-44E7-993A-72344A2CA7BD}.Release|x64.ActiveCfg = Release|x64
		{0D034612-14E2-44E7-993A-72344A2CA7BD}.Release|x64.Build.0 = Release|x64
		{0D034612-14E2-44E7-993A-72344A2CA7BD}.Release|x86.ActiveCfg = Release|Win32
		{0D034612-14E2-44E7-993A-72344A2CA7BD}.Release|x86.Build.0 = Release|Win32
		{C6BACB65-25ED-4DC8-90F1-FE0AD96FD9D5}.Debug|x64.ActiveCfg = Debug|x64
		{C6BACB65-25ED-4DC8-90F1-FE0AD96FD9D5}.Debug|x64.Build.0 = Debug|x64
		{C6BACB65-25ED-4DC8-90F1-FE0AD96FD9D5}.Debug|x86.ActiveCfg = Debug|Win32
		{C6BACB65-25ED-4DC8-90F1-FE0AD96FD9D5}.Debug|x86.Build.0 = Debug|Win32
		{C6BACB65-25ED-4DC8-90F1-FE0AD96FD9D5}.Release|x64.ActiveCfg = Release|x64
		{C6BACB65-25ED-4DC8-90F1-FE0AD96FD9D5}.Release|x64.Build.0 = Release|x64
		{C6BACB65-25ED-4DC8-90F1-FE0AD96FD9D5}.Release|x86.ActiveCfg = Release|Win32
		{C6BACB65-25ED-4DC8-90F1-FE0AD96FD9D5}.Release|x86.Build.0 = Release|Win32
		{24AAD9D5-7D2F-4FC9-9E29-3AB807944609}.Debug|x64.ActiveCfg = Debug|x64
		{24AAD9D5-7D2F-4FC9-9E29-3AB807944609}.Debug|x64.Build.0 = Debug|x64
		{24AAD9D5-7D2F-4FC9-9E29-3AB807944609}.Debug|x86.ActiveCfg = Debug|Win32
		{24AAD9D5-7D2F-4FC9-9E29-3AB807944609}.Debug|x86.Build.0 = Debug|Win32
		{24AAD9D5-7D2F-4FC9-9E29-3AB807944609}.Release|x64.ActiveCfg = Release|x64
		{24AAD9D5-7D2F-4FC9-9E29-3AB807944609}.Release|x64.Build.0 = Release|x64
		{24AAD9D5-7D2F-4FC9-9E29-3AB807944609}.Release|x86.ActiveCfg = Release|Win32
		{24AAD9D5-7D2F-4FC9-9E29-3AB807944609}.Release|x86.Build.0 = Release|Win32
		{C4D2E0CB-BC8A-45B3-803F-3053614C72B0}.Debug|x64.ActiveCfg = Debug|x64
		{C4D2E0CB-BC8A-45B3-803F-3053614C72B0}.Debug|x64.Build.0 = Debug|x64
		{C4D2E0CB-BC8A-45B3-803F-3053614C72B0}.Debug|x86.ActiveCfg = Debug|Win32
		{C4D2E0CB-BC8A-45B3-803F-3053614C72B0}.Debug|x86.Build.0 = Debug|Win32
		{C4D2E0CB-BC8A-45B3-803F-3053614C72B0}.Release|x64.ActiveCfg = Release|x64
		{C4D2E0CB-BC8A-45B3-803F-3053614C72B0}.Release|x64.Build.0 = Release|x64
		{C4D2E0CB-BC8A-45B3-803F-3053614C72B0}.Release|x86.ActiveCfg = Release|Win32
		{C4D2E0CB-BC8A-45B3-803F-3053614C72B0}.Release|x86.Build.0 = Release|Win32
		{C8B4720F-51C0-44C9-8CDB-C63420FBF1E0}.Debug|x64.ActiveCfg = Debug|x64
		{C8B4720F-51C0-44C9-8CDB-C63420FBF1E0}.Debug|x64.Build.0 = Debug|x64
		{C8B4720F-51C0-44C9-8CDB-C63420FBF1E0}.Debug|x86.ActiveCfg = Debug|Win32
		{C8B4720F-51C0-44C9-8CDB-C63420FBF1E0}.Debug|x86.Build.0 = Debug|Win32
		{C8B4720F-51C0-44C9-8CDB-C63420FBF1E0}.Release|x64.ActiveCfg = Release|x64
		{C8B4720F-51C0-44C9-8CDB-C63420FBF1E0}.Release|x64.Build.0 = Release|x64
		{C8B4720F-51C0-44C9-8CDB-C63420FBF1E0}.Release|x86.ActiveCfg = Release|Win32
		{C8B4720F-51C0-44C9-8CDB-C63420FBF1E0}.Release|x86.Build.0 = Release|Win32
	EndGlobalSection
	GlobalSection(SolutionProperties) = preSolution
		HideSolutionNode = FALSE
	EndGlobalSection
	GlobalSection(NestedProjects) = preSolution
		{D24DDC53-9A5D-41B6-BDE0-3657E0762058} = {61948FAA-D072-475A-84DF-2829D3273F60}
		{3629F01A-6FED-42EB-B308-E9F7F1346EAF} = {61948FAA-D072-475A-84DF-2829D3273F60}
		{4E8C6125-F681-4735-B2D4-EB5CEBA61B57} = {61948FAA-D072-475A-84DF-2829D3273F60}
		{DC3CC62C-99A6-4D8C-A3A4-4CEB2AC72854} = {61948FAA-D072-475A-84DF-2829D3273F60}
		{3A8BEEC5-CA93-40B8-BAD2-A2E4898DAB1D} = {A00DCE90-84B7-4F9C-8431-850600A737FD}
		{E0B52AE7-E160-4D32-BF3F-910B785E5A8E} = {F277303F-62A6-4EC3-A9EA-273E589B6DBF}
		{52D656A2-A2F4-4C54-A3C7-653427BED1E8} = {F277303F-62A6-4EC3-A9EA-273E589B6DBF}
		{1B572444-1CD1-4089-89AE-10C1CEB8F3FB} = {D83FB1B6-3035-4BAA-B368-60680853F330}
		{75354D70-3977-4F29-AE8E-DB8564774724} = {6E9E436F-BC56-4502-BF89-538E7089413E}
		{516192EB-788A-4FE7-B2B7-2EF9AC036B12} = {F277303F-62A6-4EC3-A9EA-273E589B6DBF}
		{DE2316E0-208D-4D74-AE54-C57EAED8B1FE} = {61948FAA-D072-475A-84DF-2829D3273F60}
		{4F150A30-CECB-49D1-8283-6A3F57438CF5} = {F277303F-62A6-4EC3-A9EA-273E589B6DBF}
		{48C7E85C-F1D0-48BA-B8D1-E8AD1C2089D1} = {61948FAA-D072-475A-84DF-2829D3273F60}
		{692937C8-6B6D-4FA6-9E40-37264949B7A3} = {A00DCE90-84B7-4F9C-8431-850600A737FD}
		{B7B48EE2-25C6-472E-AE8F-B2A7D24866A0} = {692937C8-6B6D-4FA6-9E40-37264949B7A3}
		{0D034612-14E2-44E7-993A-72344A2CA7BD} = {F277303F-62A6-4EC3-A9EA-273E589B6DBF}
		{C6BACB65-25ED-4DC8-90F1-FE0AD96FD9D5} = {00CF8DA9-0A2B-4282-8C2D-AC01A0AC13C1}
		{24AAD9D5-7D2F-4FC9-9E29-3AB807944609} = {00CF8DA9-0A2B-4282-8C2D-AC01A0AC13C1}
		{C4D2E0CB-BC8A-45B3-803F-3053614C72B0} = {00CF8DA9-0A2B-4282-8C2D-AC01A0AC13C1}
		{C8B4720F-51C0-44C9-8CDB-C63420FBF1E0} = {00CF8DA9-0A2B-4282-8C2D-AC01A0AC13C1}
	EndGlobalSection
	GlobalSection(ExtensibilityGlobals) = postSolution
		SolutionGuid = {010E0B6F-B2FD-4AD9-A2B3-9FF364F73B7A}
	EndGlobalSection
EndGlobal
