
Microsoft Visual Studio Solution File, Format Version 12.00
# Visual Studio Version 17
VisualStudioVersion = 17.4.33213.308
MinimumVisualStudioVersion = 10.0.40219.1
Project("{2150E333-8FDC-42A3-9474-1A3956D46DE8}") = "Assets", "Assets", "{A00DCE90-84B7-4F9C-8431-850600A737FD}"
EndProject
Project("{2150E333-8FDC-42A3-9474-1A3956D46DE8}") = "Engine", "Engine", "{D83FB1B6-3035-4BAA-B368-60680853F330}"
EndProject
Project("{2150E333-8FDC-42A3-9474-1A3956D46DE8}") = "External", "External", "{F277303F-62A6-4EC3-A9EA-273E589B6DBF}"
EndProject
Project("{2150E333-8FDC-42A3-9474-1A3956D46DE8}") = "Framework", "Framework", "{61948FAA-D072-475A-84DF-2829D3273F60}"
EndProject
Project("{2150E333-8FDC-42A3-9474-1A3956D46DE8}") = "VGP242", "VGP242", "{6FBEC151-C0C2-4F20-A207-E03EF28FF495}"
EndProject
Project("{2150E333-8FDC-42A3-9474-1A3956D46DE8}") = "VSProps", "VSProps", "{AA27C3F9-E91E-48F7-B930-4018C602A324}"
EndProject
Project("{8BC9CEB8-8B4A-11D0-8D11-00A0C91BC942}") = "Core", "Framework\Core\Core.vcxproj", "{D24DDC53-9A5D-41B6-BDE0-3657E0762058}"
EndProject
Project("{8BC9CEB8-8B4A-11D0-8D11-00A0C91BC942}") = "01_HelloWindow", "VGP242\01_HelloWindow\01_HelloWindow.vcxproj", "{63715CAF-36EB-460F-A420-DF69668A0435}"
EndProject
Project("{8BC9CEB8-8B4A-11D0-8D11-00A0C91BC942}") = "Input", "Framework\Input\Input.vcxproj", "{3629F01A-6FED-42EB-B308-E9F7F1346EAF}"
EndProject
Project("{8BC9CEB8-8B4A-11D0-8D11-00A0C91BC942}") = "Math", "Framework\Math\Math.vcxproj", "{4E8C6125-F681-4735-B2D4-EB5CEBA61B57}"
EndProject
Project("{8BC9CEB8-8B4A-11D0-8D11-00A0C91BC942}") = "Graphics", "Framework\Graphics\Graphics.vcxproj", "{DC3CC62C-99A6-4D8C-A3A4-4CEB2AC72854}"
EndProject
Project("{8BC9CEB8-8B4A-11D0-8D11-00A0C91BC942}") = "02_HelloGraphics", "VGP242\02_HelloGraphics\02_HelloGraphics.vcxproj", "{FF66475B-7FB8-49C7-9E7D-E09EB676ACFD}"
EndProject
Project("{8BC9CEB8-8B4A-11D0-8D11-00A0C91BC942}") = "03_HelloShape", "VGP242\03_HelloShape\03_HelloShape.vcxproj", "{0BDC987B-44F0-4FA1-BDCC-3A44155F3A83}"
EndProject
Project("{2150E333-8FDC-42A3-9474-1A3956D46DE8}") = "Shaders", "Shaders", "{3A8BEEC5-CA93-40B8-BAD2-A2E4898DAB1D}"
	ProjectSection(SolutionItems) = preProject
		Assets\Shaders\Billboard.fx = Assets\Shaders\Billboard.fx
		Assets\Shaders\CelShader.fx = Assets\Shaders\CelShader.fx
		Assets\Shaders\DoNothing.fx = Assets\Shaders\DoNothing.fx
		Assets\Shaders\DoSomething.fx = Assets\Shaders\DoSomething.fx
		Assets\Shaders\DoTexturing.fx = Assets\Shaders\DoTexturing.fx
		Assets\Shaders\DoTransform.fx = Assets\Shaders\DoTransform.fx
		Assets\Shaders\GaussianBlur.fx = Assets\Shaders\GaussianBlur.fx
		Assets\Shaders\NightVision.fx = Assets\Shaders\NightVision.fx
		Assets\Shaders\Particle.fx = Assets\Shaders\Particle.fx
		Assets\Shaders\PostProcess.fx = Assets\Shaders\PostProcess.fx
		Assets\Shaders\Shadow.fx = Assets\Shaders\Shadow.fx
		Assets\Shaders\Standard.fx = Assets\Shaders\Standard.fx
		Assets\Shaders\Terrain.fx = Assets\Shaders\Terrain.fx
	EndProjectSection
EndProject
Project("{8BC9CEB8-8B4A-11D0-8D11-00A0C91BC942}") = "04_HelloCube", "VGP242\04_HelloCube\04_HelloCube.vcxproj", "{25E6493D-2D4B-451A-BE13-5321CF9EBAAF}"
EndProject
Project("{8BC9CEB8-8B4A-11D0-8D11-00A0C91BC942}") = "05_HelloMeshBuilder", "VGP242\05_HelloMeshBuilder\05_HelloMeshBuilder.vcxproj", "{3EE42365-CDE0-40AF-BF3B-22C939B337B1}"
EndProject
Project("{8BC9CEB8-8B4A-11D0-8D11-00A0C91BC942}") = "DirectXTK_Desktop_2019", "External\DirectXTK\DirectXTK_Desktop_2019.vcxproj", "{E0B52AE7-E160-4D32-BF3F-910B785E5A8E}"
EndProject
Project("{8BC9CEB8-8B4A-11D0-8D11-00A0C91BC942}") = "06_HelloTexture", "VGP242\06_HelloTexture\06_HelloTexture.vcxproj", "{5ABF2ADD-805D-4515-A652-4C4CCAC8D0CC}"
EndProject
Project("{8BC9CEB8-8B4A-11D0-8D11-00A0C91BC942}") = "07_HelloDebug", "VGP242\07_HelloDebug\07_HelloDebug.vcxproj", "{1C77085C-F0BA-416D-9413-26E8B8C37DB6}"
EndProject
Project("{8BC9CEB8-8B4A-11D0-8D11-00A0C91BC942}") = "ImGui", "External\ImGui\ImGui.vcxproj", "{52D656A2-A2F4-4C54-A3C7-653427BED1E8}"
EndProject
Project("{2150E333-8FDC-42A3-9474-1A3956D46DE8}") = "VGP330", "VGP330", "{E254B551-5A89-477C-B096-81A3235504A9}"
EndProject
Project("{8BC9CEB8-8B4A-11D0-8D11-00A0C91BC942}") = "08_HelloLighting", "VGP330\08_HelloLighting\08_HelloLighting.vcxproj", "{159DC9EA-3587-4B5C-A2B9-5404A43C77E8}"
EndProject
Project("{8BC9CEB8-8B4A-11D0-8D11-00A0C91BC942}") = "Kick_Engine", "Kick_Engine\Kick_Engine.vcxproj", "{1B572444-1CD1-4089-89AE-10C1CEB8F3FB}"
EndProject
Project("{2150E333-8FDC-42A3-9474-1A3956D46DE8}") = "Tools", "Tools", "{6E9E436F-BC56-4502-BF89-538E7089413E}"
EndProject
Project("{8BC9CEB8-8B4A-11D0-8D11-00A0C91BC942}") = "ModelImporter", "Tools\ModelImporter\ModelImporter.vcxproj", "{75354D70-3977-4F29-AE8E-DB8564774724}"
EndProject
Project("{8BC9CEB8-8B4A-11D0-8D11-00A0C91BC942}") = "09_HelloModel", "VGP330\09_HelloModel\09_HelloModel.vcxproj", "{A6E0A205-91D5-4E90-B5DD-D6FC631F6A43}"
EndProject
Project("{8BC9CEB8-8B4A-11D0-8D11-00A0C91BC942}") = "10_HelloPostProcessing", "VGP330\10_HelloPostProcessing\10_HelloPostProcessing.vcxproj", "{C337BAD3-DF78-4E29-B8F2-596777138571}"
EndProject
Project("{8BC9CEB8-8B4A-11D0-8D11-00A0C91BC942}") = "11_HelloShadow", "VGP330\11_HelloShadow\11_HelloShadow.vcxproj", "{7A03E8BC-FCDB-4F44-8B74-600C6153D141}"
EndProject
Project("{8BC9CEB8-8B4A-11D0-8D11-00A0C91BC942}") = "12_HelloTerrain", "VGP330\12_HelloTerrain\12_HelloTerrain.vcxproj", "{1D4BBDC3-83EF-476E-B039-7B833D2451A1}"
EndProject
Project("{8BC9CEB8-8B4A-11D0-8D11-00A0C91BC942}") = "13_HelloBillboard", "VGP330\13_HelloBillboard\13_HelloBillboard.vcxproj", "{6C246EFA-876F-4C30-856E-CA5F4C7580F4}"
EndProject
Project("{8BC9CEB8-8B4A-11D0-8D11-00A0C91BC942}") = "14_FinalProject", "VGP330\14_FinalProject\14_FinalProject.vcxproj", "{1A373C64-4123-4D8E-85D0-DE132A28BE24}"
EndProject
Project("{2150E333-8FDC-42A3-9474-1A3956D46DE8}") = "VGP334", "VGP334", "{77402D0C-887E-4BD1-BFC1-82041E65CA9D}"
EndProject
Project("{8BC9CEB8-8B4A-11D0-8D11-00A0C91BC942}") = "14_HelloQuaternion", "VGP334\14_HelloQuaternion\14_HelloQuaternion.vcxproj", "{50276307-3C87-475E-838F-AA2ABE7372C7}"
EndProject
Project("{8BC9CEB8-8B4A-11D0-8D11-00A0C91BC942}") = "15_HelloAnimation", "VGP334\15_HelloAnimation\15_HelloAnimation.vcxproj", "{ACB11745-8790-4AE2-AE08-4494C62F2C09}"
EndProject
Project("{8BC9CEB8-8B4A-11D0-8D11-00A0C91BC942}") = "16_HelloSkeleton", "VGP334\16_HelloSkeleton\16_HelloSkeleton.vcxproj", "{B3E1F9F0-35C6-400F-9EC7-833FA4A6FF0E}"
EndProject
Project("{8BC9CEB8-8B4A-11D0-8D11-00A0C91BC942}") = "17_HelloSkeletonAnimation", "VGP334\17_HelloSkeletonAnimation\17_HelloSkeletonAnimation.vcxproj", "{5FA3BB19-1915-4964-B829-D0FADA463AC3}"
EndProject
Project("{8BC9CEB8-8B4A-11D0-8D11-00A0C91BC942}") = "Bullet", "External\Bullet\Bullet.vcxproj", "{516192EB-788A-4FE7-B2B7-2EF9AC036B12}"
EndProject
Project("{8BC9CEB8-8B4A-11D0-8D11-00A0C91BC942}") = "Physics", "Framework\Physics\Physics.vcxproj", "{DE2316E0-208D-4D74-AE54-C57EAED8B1FE}"
EndProject
Project("{8BC9CEB8-8B4A-11D0-8D11-00A0C91BC942}") = "18_HelloPhysics", "VGP334\18_HelloPhysics\18_HelloPhysics.vcxproj", "{BFBDE046-1E79-4C55-A0F0-514DF5A645C6}"
EndProject
Project("{8BC9CEB8-8B4A-11D0-8D11-00A0C91BC942}") = "19_HelloSoftBody", "VGP334\19_HelloSoftBody\19_HelloSoftBody.vcxproj", "{3D3710E4-3828-4F51-98FE-AD0FC1B69465}"
EndProject
Project("{8BC9CEB8-8B4A-11D0-8D11-00A0C91BC942}") = "20_HelloParticleSystem", "VGP334\20_HelloParticleSystem\20_HelloParticleSystem.vcxproj", "{086DDD58-F96B-4259-A4B9-8894D1F1ED74}"
EndProject
Project("{8BC9CEB8-8B4A-11D0-8D11-00A0C91BC942}") = "21_HelloEvents", "VGP334\21_HelloEvents\21_HelloEvents.vcxproj", "{5E75FFDC-6414-47A5-B8F3-C338DDF65D28}"
EndProject
Project("{8BC9CEB8-8B4A-11D0-8D11-00A0C91BC942}") = "DirectXTKAudio_Desktop_2022_Win8", "External\DirectXTK\Audio\DirectXTKAudio_Desktop_2022_Win8.vcxproj", "{4F150A30-CECB-49D1-8283-6A3F57438CF5}"
EndProject
Project("{8BC9CEB8-8B4A-11D0-8D11-00A0C91BC942}") = "Audio", "Framework\Audio\Audio.vcxproj", "{48C7E85C-F1D0-48BA-B8D1-E8AD1C2089D1}"
EndProject
Project("{8BC9CEB8-8B4A-11D0-8D11-00A0C91BC942}") = "22_HelloFinals", "VGP334\22_HelloFinals\22_HelloFinals.vcxproj", "{00C7C1E7-BE17-44BD-A984-5F7A65006130}"
EndProject
Project("{2150E333-8FDC-42A3-9474-1A3956D46DE8}") = "Templates", "Templates", "{692937C8-6B6D-4FA6-9E40-37264949B7A3}"
	ProjectSection(SolutionItems) = preProject
		Assets\Templates\fps_camera.json = Assets\Templates\fps_camera.json
		Assets\Templates\ground.json = Assets\Templates\ground.json
		Assets\Templates\test_character.json = Assets\Templates\test_character.json
		Assets\Templates\test_model.json = Assets\Templates\test_model.json
		Assets\Templates\test_object.json = Assets\Templates\test_object.json
		Assets\Templates\test_ui_button.json = Assets\Templates\test_ui_button.json
		Assets\Templates\test_ui_text.json = Assets\Templates\test_ui_text.json
		Assets\Templates\tps_camera.json = Assets\Templates\tps_camera.json
	EndProjectSection
EndProject
Project("{2150E333-8FDC-42A3-9474-1A3956D46DE8}") = "Levels", "Levels", "{B7B48EE2-25C6-472E-AE8F-B2A7D24866A0}"
	ProjectSection(SolutionItems) = preProject
		Assets\Templates\Levels\test_edit_level.json = Assets\Templates\Levels\test_edit_level.json
		Assets\Templates\Levels\test_gameworld.json = Assets\Templates\Levels\test_gameworld.json
		Assets\Templates\Levels\test_level.json = Assets\Templates\Levels\test_level.json
		Assets\Templates\test_ui_sprite.json = Assets\Templates\test_ui_sprite.json
	EndProjectSection
EndProject
Project("{8BC9CEB8-8B4A-11D0-8D11-00A0C91BC942}") = "FW1FontWrapper", "External\FW1FontWrapper\FW1FontWrapper.vcxproj", "{0D034612-14E2-44E7-993A-72344A2CA7BD}"
EndProject
Project("{2150E333-8FDC-42A3-9474-1A3956D46DE8}") = "VGP336", "VGP336", "{00CF8DA9-0A2B-4282-8C2D-AC01A0AC13C1}"
EndProject
Project("{8BC9CEB8-8B4A-11D0-8D11-00A0C91BC942}") = "22_HelloMemory", "VGP336\22_HelloMemory\22_HelloMemory.vcxproj", "{C6BACB65-25ED-4DC8-90F1-FE0AD96FD9D5}"
EndProject
Project("{8BC9CEB8-8B4A-11D0-8D11-00A0C91BC942}") = "23_HelloGameObject", "VGP336\23_HelloGameObject\23_HelloGameObject.vcxproj", "{24AAD9D5-7D2F-4FC9-9E29-3AB807944609}"
EndProject
Project("{8BC9CEB8-8B4A-11D0-8D11-00A0C91BC942}") = "25_HelloGameWorld", "VGP336\25_HelloGameWorld\25_HelloGameWorld.vcxproj", "{C4D2E0CB-BC8A-45B3-803F-3053614C72B0}"
EndProject
Project("{8BC9CEB8-8B4A-11D0-8D11-00A0C91BC942}") = "26_HelloFinal", "VGP336\26_HelloFinal\26_HelloFinal.vcxproj", "{C8B4720F-51C0-44C9-8CDB-C63420FBF1E0}"
EndProject
Global
	GlobalSection(SolutionConfigurationPlatforms) = preSolution
		Debug|x64 = Debug|x64
		Debug|x86 = Debug|x86
		Release|x64 = Release|x64
		Release|x86 = Release|x86
	EndGlobalSection
	GlobalSection(ProjectConfigurationPlatforms) = postSolution
		{D24DDC53-9A5D-41B6-BDE0-3657E0762058}.Debug|x64.ActiveCfg = Debug|x64
		{D24DDC53-9A5D-41B6-BDE0-3657E0762058}.Debug|x64.Build.0 = Debug|x64
		{D24DDC53-9A5D-41B6-BDE0-3657E0762058}.Debug|x86.ActiveCfg = Debug|Win32
		{D24DDC53-9A5D-41B6-BDE0-3657E0762058}.Debug|x86.Build.0 = Debug|Win32
		{D24DDC53-9A5D-41B6-BDE0-3657E0762058}.Release|x64.ActiveCfg = Release|x64
		{D24DDC53-9A5D-41B6-BDE0-3657E0762058}.Release|x64.Build.0 = Release|x64
		{D24DDC53-9A5D-41B6-BDE0-3657E0762058}.Release|x86.ActiveCfg = Release|Win32
		{D24DDC53-9A5D-41B6-BDE0-3657E0762058}.Release|x86.Build.0 = Release|Win32
		{63715CAF-36EB-460F-A420-DF69668A0435}.Debug|x64.ActiveCfg = Debug|x64
		{63715CAF-36EB-460F-A420-DF69668A0435}.Debug|x64.Build.0 = Debug|x64
		{63715CAF-36EB-460F-A420-DF69668A0435}.Debug|x86.ActiveCfg = Debug|Win32
		{63715CAF-36EB-460F-A420-DF69668A0435}.Debug|x86.Build.0 = Debug|Win32
		{63715CAF-36EB-460F-A420-DF69668A0435}.Release|x64.ActiveCfg = Release|x64
		{63715CAF-36EB-460F-A420-DF69668A0435}.Release|x64.Build.0 = Release|x64
		{63715CAF-36EB-460F-A420-DF69668A0435}.Release|x86.ActiveCfg = Release|Win32
		{63715CAF-36EB-460F-A420-DF69668A0435}.Release|x86.Build.0 = Release|Win32
		{3629F01A-6FED-42EB-B308-E9F7F1346EAF}.Debug|x64.ActiveCfg = Debug|x64
		{3629F01A-6FED-42EB-B308-E9F7F1346EAF}.Debug|x64.Build.0 = Debug|x64
		{3629F01A-6FED-42EB-B308-E9F7F1346EAF}.Debug|x86.ActiveCfg = Debug|Win32
		{3629F01A-6FED-42EB-B308-E9F7F1346EAF}.Debug|x86.Build.0 = Debug|Win32
		{3629F01A-6FED-42EB-B308-E9F7F1346EAF}.Release|x64.ActiveCfg = Release|x64
		{3629F01A-6FED-42EB-B308-E9F7F1346EAF}.Release|x64.Build.0 = Release|x64
		{3629F01A-6FED-42EB-B308-E9F7F1346EAF}.Release|x86.ActiveCfg = Release|Win32
		{3629F01A-6FED-42EB-B308-E9F7F1346EAF}.Release|x86.Build.0 = Release|Win32
		{4E8C6125-F681-4735-B2D4-EB5CEBA61B57}.Debug|x64.ActiveCfg = Debug|x64
		{4E8C6125-F681-4735-B2D4-EB5CEBA61B57}.Debug|x64.Build.0 = Debug|x64
		{4E8C6125-F681-4735-B2D4-EB5CEBA61B57}.Debug|x86.ActiveCfg = Debug|Win32
		{4E8C6125-F681-4735-B2D4-EB5CEBA61B57}.Debug|x86.Build.0 = Debug|Win32
		{4E8C6125-F681-4735-B2D4-EB5CEBA61B57}.Release|x64.ActiveCfg = Release|x64
		{4E8C6125-F681-4735-B2D4-EB5CEBA61B57}.Release|x64.Build.0 = Release|x64
		{4E8C6125-F681-4735-B2D4-EB5CEBA61B57}.Release|x86.ActiveCfg = Release|Win32
		{4E8C6125-F681-4735-B2D4-EB5CEBA61B57}.Release|x86.Build.0 = Release|Win32
		{DC3CC62C-99A6-4D8C-A3A4-4CEB2AC72854}.Debug|x64.ActiveCfg = Debug|x64
		{DC3CC62C-99A6-4D8C-A3A4-4CEB2AC72854}.Debug|x64.Build.0 = Debug|x64
		{DC3CC62C-99A6-4D8C-A3A4-4CEB2AC72854}.Debug|x86.ActiveCfg = Debug|Win32
		{DC3CC62C-99A6-4D8C-A3A4-4CEB2AC72854}.Debug|x86.Build.0 = Debug|Win32
		{DC3CC62C-99A6-4D8C-A3A4-4CEB2AC72854}.Release|x64.ActiveCfg = Release|x64
		{DC3CC62C-99A6-4D8C-A3A4-4CEB2AC72854}.Release|x64.Build.0 = Release|x64
		{DC3CC62C-99A6-4D8C-A3A4-4CEB2AC72854}.Release|x86.ActiveCfg = Release|Win32
		{DC3CC62C-99A6-4D8C-A3A4-4CEB2AC72854}.Release|x86.Build.0 = Release|Win32
		{FF66475B-7FB8-49C7-9E7D-E09EB676ACFD}.Debug|x64.ActiveCfg = Debug|x64
		{FF66475B-7FB8-49C7-9E7D-E09EB676ACFD}.Debug|x64.Build.0 = Debug|x64
		{FF66475B-7FB8-49C7-9E7D-E09EB676ACFD}.Debug|x86.ActiveCfg = Debug|Win32
		{FF66475B-7FB8-49C7-9E7D-E09EB676ACFD}.Debug|x86.Build.0 = Debug|Win32
		{FF66475B-7FB8-49C7-9E7D-E09EB676ACFD}.Release|x64.ActiveCfg = Release|x64
		{FF66475B-7FB8-49C7-9E7D-E09EB676ACFD}.Release|x64.Build.0 = Release|x64
		{FF66475B-7FB8-49C7-9E7D-E09EB676ACFD}.Release|x86.ActiveCfg = Release|Win32
		{FF66475B-7FB8-49C7-9E7D-E09EB676ACFD}.Release|x86.Build.0 = Release|Win32
		{0BDC987B-44F0-4FA1-BDCC-3A44155F3A83}.Debug|x64.ActiveCfg = Debug|x64
		{0BDC987B-44F0-4FA1-BDCC-3A44155F3A83}.Debug|x64.Build.0 = Debug|x64
		{0BDC987B-44F0-4FA1-BDCC-3A44155F3A83}.Debug|x86.ActiveCfg = Debug|Win32
		{0BDC987B-44F0-4FA1-BDCC-3A44155F3A83}.Debug|x86.Build.0 = Debug|Win32
		{0BDC987B-44F0-4FA1-BDCC-3A44155F3A83}.Release|x64.ActiveCfg = Release|x64
		{0BDC987B-44F0-4FA1-BDCC-3A44155F3A83}.Release|x64.Build.0 = Release|x64
		{0BDC987B-44F0-4FA1-BDCC-3A44155F3A83}.Release|x86.ActiveCfg = Release|Win32
		{0BDC987B-44F0-4FA1-BDCC-3A44155F3A83}.Release|x86.Build.0 = Release|Win32
		{25E6493D-2D4B-451A-BE13-5321CF9EBAAF}.Debug|x64.ActiveCfg = Debug|x64
		{25E6493D-2D4B-451A-BE13-5321CF9EBAAF}.Debug|x64.Build.0 = Debug|x64
		{25E6493D-2D4B-451A-BE13-5321CF9EBAAF}.Debug|x86.ActiveCfg = Debug|Win32
		{25E6493D-2D4B-451A-BE13-5321CF9EBAAF}.Debug|x86.Build.0 = Debug|Win32
		{25E6493D-2D4B-451A-BE13-5321CF9EBAAF}.Release|x64.ActiveCfg = Release|x64
		{25E6493D-2D4B-451A-BE13-5321CF9EBAAF}.Release|x64.Build.0 = Release|x64
		{25E6493D-2D4B-451A-BE13-5321CF9EBAAF}.Release|x86.ActiveCfg = Release|Win32
		{25E6493D-2D4B-451A-BE13-5321CF9EBAAF}.Release|x86.Build.0 = Release|Win32
		{3EE42365-CDE0-40AF-BF3B-22C939B337B1}.Debug|x64.ActiveCfg = Debug|x64
		{3EE42365-CDE0-40AF-BF3B-22C939B337B1}.Debug|x64.Build.0 = Debug|x64
		{3EE42365-CDE0-40AF-BF3B-22C939B337B1}.Debug|x86.ActiveCfg = Debug|Win32
		{3EE42365-CDE0-40AF-BF3B-22C939B337B1}.Debug|x86.Build.0 = Debug|Win32
		{3EE42365-CDE0-40AF-BF3B-22C939B337B1}.Release|x64.ActiveCfg = Release|x64
		{3EE42365-CDE0-40AF-BF3B-22C939B337B1}.Release|x64.Build.0 = Release|x64
		{3EE42365-CDE0-40AF-BF3B-22C939B337B1}.Release|x86.ActiveCfg = Release|Win32
		{3EE42365-CDE0-40AF-BF3B-22C939B337B1}.Release|x86.Build.0 = Release|Win32
		{E0B52AE7-E160-4D32-BF3F-910B785E5A8E}.Debug|x64.ActiveCfg = Debug|x64
		{E0B52AE7-E160-4D32-BF3F-910B785E5A8E}.Debug|x64.Build.0 = Debug|x64
		{E0B52AE7-E160-4D32-BF3F-910B785E5A8E}.Debug|x86.ActiveCfg = Debug|Win32
		{E0B52AE7-E160-4D32-BF3F-910B785E5A8E}.Debug|x86.Build.0 = Debug|Win32
		{E0B52AE7-E160-4D32-BF3F-910B785E5A8E}.Release|x64.ActiveCfg = Release|x64
		{E0B52AE7-E160-4D32-BF3F-910B785E5A8E}.Release|x64.Build.0 = Release|x64
		{E0B52AE7-E160-4D32-BF3F-910B785E5A8E}.Release|x86.ActiveCfg = Release|Win32
		{E0B52AE7-E160-4D32-BF3F-910B785E5A8E}.Release|x86.Build.0 = Release|Win32
		{5ABF2ADD-805D-4515-A652-4C4CCAC8D0CC}.Debug|x64.ActiveCfg = Debug|x64
		{5ABF2ADD-805D-4515-A652-4C4CCAC8D0CC}.Debug|x64.Build.0 = Debug|x64
		{5ABF2ADD-805D-4515-A652-4C4CCAC8D0CC}.Debug|x86.ActiveCfg = Debug|Win32
		{5ABF2ADD-805D-4515-A652-4C4CCAC8D0CC}.Debug|x86.Build.0 = Debug|Win32
		{5ABF2ADD-805D-4515-A652-4C4CCAC8D0CC}.Release|x64.ActiveCfg = Release|x64
		{5ABF2ADD-805D-4515-A652-4C4CCAC8D0CC}.Release|x64.Build.0 = Release|x64
		{5ABF2ADD-805D-4515-A652-4C4CCAC8D0CC}.Release|x86.ActiveCfg = Release|Win32
		{5ABF2ADD-805D-4515-A652-4C4CCAC8D0CC}.Release|x86.Build.0 = Release|Win32
		{1C77085C-F0BA-416D-9413-26E8B8C37DB6}.Debug|x64.ActiveCfg = Debug|x64
		{1C77085C-F0BA-416D-9413-26E8B8C37DB6}.Debug|x64.Build.0 = Debug|x64
		{1C77085C-F0BA-416D-9413-26E8B8C37DB6}.Debug|x86.ActiveCfg = Debug|Win32
		{1C77085C-F0BA-416D-9413-26E8B8C37DB6}.Debug|x86.Build.0 = Debug|Win32
		{1C77085C-F0BA-416D-9413-26E8B8C37DB6}.Release|x64.ActiveCfg = Release|x64
		{1C77085C-F0BA-416D-9413-26E8B8C37DB6}.Release|x64.Build.0 = Release|x64
		{1C77085C-F0BA-416D-9413-26E8B8C37DB6}.Release|x86.ActiveCfg = Release|Win32
		{1C77085C-F0BA-416D-9413-26E8B8C37DB6}.Release|x86.Build.0 = Release|Win32
		{52D656A2-A2F4-4C54-A3C7-653427BED1E8}.Debug|x64.ActiveCfg = Debug|x64
		{52D656A2-A2F4-4C54-A3C7-653427BED1E8}.Debug|x64.Build.0 = Debug|x64
		{52D656A2-A2F4-4C54-A3C7-653427BED1E8}.Debug|x86.ActiveCfg = Debug|Win32
		{52D656A2-A2F4-4C54-A3C7-653427BED1E8}.Debug|x86.Build.0 = Debug|Win32
		{52D656A2-A2F4-4C54-A3C7-653427BED1E8}.Release|x64.ActiveCfg = Release|x64
		{52D656A2-A2F4-4C54-A3C7-653427BED1E8}.Release|x64.Build.0 = Release|x64
		{52D656A2-A2F4-4C54-A3C7-653427BED1E8}.Release|x86.ActiveCfg = Release|Win32
		{52D656A2-A2F4-4C54-A3C7-653427BED1E8}.Release|x86.Build.0 = Release|Win32
		{159DC9EA-3587-4B5C-A2B9-5404A43C77E8}.Debug|x64.ActiveCfg = Debug|x64
		{159DC9EA-3587-4B5C-A2B9-5404A43C77E8}.Debug|x64.Build.0 = Debug|x64
		{159DC9EA-3587-4B5C-A2B9-5404A43C77E8}.Debug|x86.ActiveCfg = Debug|Win32
		{159DC9EA-3587-4B5C-A2B9-5404A43C77E8}.Debug|x86.Build.0 = Debug|Win32
		{159DC9EA-3587-4B5C-A2B9-5404A43C77E8}.Release|x64.ActiveCfg = Release|x64
		{159DC9EA-3587-4B5C-A2B9-5404A43C77E8}.Release|x64.Build.0 = Release|x64
		{159DC9EA-3587-4B5C-A2B9-5404A43C77E8}.Release|x86.ActiveCfg = Release|Win32
		{159DC9EA-3587-4B5C-A2B9-5404A43C77E8}.Release|x86.Build.0 = Release|Win32
		{1B572444-1CD1-4089-89AE-10C1CEB8F3FB}.Debug|x64.ActiveCfg = Debug|x64
		{1B572444-1CD1-4089-89AE-10C1CEB8F3FB}.Debug|x64.Build.0 = Debug|x64
		{1B572444-1CD1-4089-89AE-10C1CEB8F3FB}.Debug|x86.ActiveCfg = Debug|Win32
		{1B572444-1CD1-4089-89AE-10C1CEB8F3FB}.Debug|x86.Build.0 = Debug|Win32
		{1B572444-1CD1-4089-89AE-10C1CEB8F3FB}.Release|x64.ActiveCfg = Release|x64
		{1B572444-1CD1-4089-89AE-10C1CEB8F3FB}.Release|x64.Build.0 = Release|x64
		{1B572444-1CD1-4089-89AE-10C1CEB8F3FB}.Release|x86.ActiveCfg = Release|Win32
		{1B572444-1CD1-4089-89AE-10C1CEB8F3FB}.Release|x86.Build.0 = Release|Win32
		{75354D70-3977-4F29-AE8E-DB8564774724}.Debug|x64.ActiveCfg = Debug|x64
		{75354D70-3977-4F29-AE8E-DB8564774724}.Debug|x64.Build.0 = Debug|x64
		{75354D70-3977-4F29-AE8E-DB8564774724}.Debug|x86.ActiveCfg = Debug|Win32
		{75354D70-3977-4F29-AE8E-DB8564774724}.Debug|x86.Build.0 = Debug|Win32
		{75354D70-3977-4F29-AE8E-DB8564774724}.Release|x64.ActiveCfg = Release|x64
		{75354D70-3977-4F29-AE8E-DB8564774724}.Release|x64.Build.0 = Release|x64
		{75354D70-3977-4F29-AE8E-DB8564774724}.Release|x86.ActiveCfg = Release|Win32
		{75354D70-3977-4F29-AE8E-DB8564774724}.Release|x86.Build.0 = Release|Win32
		{A6E0A205-91D5-4E90-B5DD-D6FC631F6A43}.Debug|x64.ActiveCfg = Debug|x64
		{A6E0A205-91D5-4E90-B5DD-D6FC631F6A43}.Debug|x64.Build.0 = Debug|x64
		{A6E0A205-91D5-4E90-B5DD-D6FC631F6A43}.Debug|x86.ActiveCfg = Debug|Win32
		{A6E0A205-91D5-4E90-B5DD-D6FC631F6A43}.Debug|x86.Build.0 = Debug|Win32
		{A6E0A205-91D5-4E90-B5DD-D6FC631F6A43}.Release|x64.ActiveCfg = Release|x64
		{A6E0A205-91D5-4E90-B5DD-D6FC631F6A43}.Release|x64.Build.0 = Release|x64
		{A6E0A205-91D5-4E90-B5DD-D6FC631F6A43}.Release|x86.ActiveCfg = Release|Win32
		{A6E0A205-91D5-4E90-B5DD-D6FC631F6A43}.Release|x86.Build.0 = Release|Win32
		{C337BAD3-DF78-4E29-B8F2-596777138571}.Debug|x64.ActiveCfg = Debug|x64
		{C337BAD3-DF78-4E29-B8F2-596777138571}.Debug|x64.Build.0 = Debug|x64
		{C337BAD3-DF78-4E29-B8F2-596777138571}.Debug|x86.ActiveCfg = Debug|Win32
		{C337BAD3-DF78-4E29-B8F2-596777138571}.Debug|x86.Build.0 = Debug|Win32
		{C337BAD3-DF78-4E29-B8F2-596777138571}.Release|x64.ActiveCfg = Release|x64
		{C337BAD3-DF78-4E29-B8F2-596777138571}.Release|x64.Build.0 = Release|x64
		{C337BAD3-DF78-4E29-B8F2-596777138571}.Release|x86.ActiveCfg = Release|Win32
		{C337BAD3-DF78-4E29-B8F2-596777138571}.Release|x86.Build.0 = Release|Win32
		{7A03E8BC-FCDB-4F44-8B74-600C6153D141}.Debug|x64.ActiveCfg = Debug|x64
		{7A03E8BC-FCDB-4F44-8B74-600C6153D141}.Debug|x64.Build.0 = Debug|x64
		{7A03E8BC-FCDB-4F44-8B74-600C6153D141}.Debug|x86.ActiveCfg = Debug|Win32
		{7A03E8BC-FCDB-4F44-8B74-600C6153D141}.Debug|x86.Build.0 = Debug|Win32
		{7A03E8BC-FCDB-4F44-8B74-600C6153D141}.Release|x64.ActiveCfg = Release|x64
		{7A03E8BC-FCDB-4F44-8B74-600C6153D141}.Release|x64.Build.0 = Release|x64
		{7A03E8BC-FCDB-4F44-8B74-600C6153D141}.Release|x86.ActiveCfg = Release|Win32
		{7A03E8BC-FCDB-4F44-8B74-600C6153D141}.Release|x86.Build.0 = Release|Win32
		{1D4BBDC3-83EF-476E-B039-7B833D2451A1}.Debug|x64.ActiveCfg = Debug|x64
		{1D4BBDC3-83EF-476E-B039-7B833D2451A1}.Debug|x64.Build.0 = Debug|x64
		{1D4BBDC3-83EF-476E-B039-7B833D2451A1}.Debug|x86.ActiveCfg = Debug|Win32
		{1D4BBDC3-83EF-476E-B039-7B833D2451A1}.Debug|x86.Build.0 = Debug|Win32
		{1D4BBDC3-83EF-476E-B039-7B833D2451A1}.Release|x64.ActiveCfg = Release|x64
		{1D4BBDC3-83EF-476E-B039-7B833D2451A1}.Release|x64.Build.0 = Release|x64
		{1D4BBDC3-83EF-476E-B039-7B833D2451A1}.Release|x86.ActiveCfg = Release|Win32
		{1D4BBDC3-83EF-476E-B039-7B833D2451A1}.Release|x86.Build.0 = Release|Win32
		{6C246EFA-876F-4C30-856E-CA5F4C7580F4}.Debug|x64.ActiveCfg = Debug|x64
		{6C246EFA-876F-4C30-856E-CA5F4C7580F4}.Debug|x64.Build.0 = Debug|x64
		{6C246EFA-876F-4C30-856E-CA5F4C7580F4}.Debug|x86.ActiveCfg = Debug|Win32
		{6C246EFA-876F-4C30-856E-CA5F4C7580F4}.Debug|x86.Build.0 = Debug|Win32
		{6C246EFA-876F-4C30-856E-CA5F4C7580F4}.Release|x64.ActiveCfg = Release|x64
		{6C246EFA-876F-4C30-856E-CA5F4C7580F4}.Release|x64.Build.0 = Release|x64
		{6C246EFA-876F-4C30-856E-CA5F4C7580F4}.Release|x86.ActiveCfg = Release|Win32
		{6C246EFA-876F-4C30-856E-CA5F4C7580F4}.Release|x86.Build.0 = Release|Win32
		{1A373C64-4123-4D8E-85D0-DE132A28BE24}.Debug|x64.ActiveCfg = Debug|x64
		{1A373C64-4123-4D8E-85D0-DE132A28BE24}.Debug|x64.Build.0 = Debug|x64
		{1A373C64-4123-4D8E-85D0-DE132A28BE24}.Debug|x86.ActiveCfg = Debug|Win32
		{1A373C64-4123-4D8E-85D0-DE132A28BE24}.Debug|x86.Build.0 = Debug|Win32
		{1A373C64-4123-4D8E-85D0-DE132A28BE24}.Release|x64.ActiveCfg = Release|x64
		{1A373C64-4123-4D8E-85D0-DE132A28BE24}.Release|x64.Build.0 = Release|x64
		{1A373C64-4123-4D8E-85D0-DE132A28BE24}.Release|x86.ActiveCfg = Release|Win32
		{1A373C64-4123-4D8E-85D0-DE132A28BE24}.Release|x86.Build.0 = Release|Win32
		{50276307-3C87-475E-838F-AA2ABE7372C7}.Debug|x64.ActiveCfg = Debug|x64
		{50276307-3C87-475E-838F-AA2ABE7372C7}.Debug|x64.Build.0 = Debug|x64
		{50276307-3C87-475E-838F-AA2ABE7372C7}.Debug|x86.ActiveCfg = Debug|Win32
		{50276307-3C87-475E-838F-AA2ABE7372C7}.Debug|x86.Build.0 = Debug|Win32
		{50276307-3C87-475E-838F-AA2ABE7372C7}.Release|x64.ActiveCfg = Release|x64
		{50276307-3C87-475E-838F-AA2ABE7372C7}.Release|x64.Build.0 = Release|x64
		{50276307-3C87-475E-838F-AA2ABE7372C7}.Release|x86.ActiveCfg = Release|Win32
		{50276307-3C87-475E-838F-AA2ABE7372C7}.Release|x86.Build.0 = Release|Win32
		{ACB11745-8790-4AE2-AE08-4494C62F2C09}.Debug|x64.ActiveCfg = Debug|x64
		{ACB11745-8790-4AE2-AE08-4494C62F2C09}.Debug|x64.Build.0 = Debug|x64
		{ACB11745-8790-4AE2-AE08-4494C62F2C09}.Debug|x86.ActiveCfg = Debug|Win32
		{ACB11745-8790-4AE2-AE08-4494C62F2C09}.Debug|x86.Build.0 = Debug|Win32
		{ACB11745-8790-4AE2-AE08-4494C62F2C09}.Release|x64.ActiveCfg = Release|x64
		{ACB11745-8790-4AE2-AE08-4494C62F2C09}.Release|x64.Build.0 = Release|x64
		{ACB11745-8790-4AE2-AE08-4494C62F2C09}.Release|x86.ActiveCfg = Release|Win32
		{ACB11745-8790-4AE2-AE08-4494C62F2C09}.Release|x86.Build.0 = Release|Win32
		{B3E1F9F0-35C6-400F-9EC7-833FA4A6FF0E}.Debug|x64.ActiveCfg = Debug|x64
		{B3E1F9F0-35C6-400F-9EC7-833FA4A6FF0E}.Debug|x64.Build.0 = Debug|x64
		{B3E1F9F0-35C6-400F-9EC7-833FA4A6FF0E}.Debug|x86.ActiveCfg = Debug|Win32
		{B3E1F9F0-35C6-400F-9EC7-833FA4A6FF0E}.Debug|x86.Build.0 = Debug|Win32
		{B3E1F9F0-35C6-400F-9EC7-833FA4A6FF0E}.Release|x64.ActiveCfg = Release|x64
		{B3E1F9F0-35C6-400F-9EC7-833FA4A6FF0E}.Release|x64.Build.0 = Release|x64
		{B3E1F9F0-35C6-400F-9EC7-833FA4A6FF0E}.Release|x86.ActiveCfg = Release|Win32
		{B3E1F9F0-35C6-400F-9EC7-833FA4A6FF0E}.Release|x86.Build.0 = Release|Win32
		{5FA3BB19-1915-4964-B829-D0FADA463AC3}.Debug|x64.ActiveCfg = Debug|x64
		{5FA3BB19-1915-4964-B829-D0FADA463AC3}.Debug|x64.Build.0 = Debug|x64
		{5FA3BB19-1915-4964-B829-D0FADA463AC3}.Debug|x86.ActiveCfg = Debug|Win32
		{5FA3BB19-1915-4964-B829-D0FADA463AC3}.Debug|x86.Build.0 = Debug|Win32
		{5FA3BB19-1915-4964-B829-D0FADA463AC3}.Release|x64.ActiveCfg = Release|x64
		{5FA3BB19-1915-4964-B829-D0FADA463AC3}.Release|x64.Build.0 = Release|x64
		{5FA3BB19-1915-4964-B829-D0FADA463AC3}.Release|x86.ActiveCfg = Release|Win32
		{5FA3BB19-1915-4964-B829-D0FADA463AC3}.Release|x86.Build.0 = Release|Win32
		{516192EB-788A-4FE7-B2B7-2EF9AC036B12}.Debug|x64.ActiveCfg = Debug|x64
		{516192EB-788A-4FE7-B2B7-2EF9AC036B12}.Debug|x64.Build.0 = Debug|x64
		{516192EB-788A-4FE7-B2B7-2EF9AC036B12}.Debug|x86.ActiveCfg = Debug|Win32
		{516192EB-788A-4FE7-B2B7-2EF9AC036B12}.Debug|x86.Build.0 = Debug|Win32
		{516192EB-788A-4FE7-B2B7-2EF9AC036B12}.Release|x64.ActiveCfg = Release|x64
		{516192EB-788A-4FE7-B2B7-2EF9AC036B12}.Release|x64.Build.0 = Release|x64
		{516192EB-788A-4FE7-B2B7-2EF9AC036B12}.Release|x86.ActiveCfg = Release|Win32
		{516192EB-788A-4FE7-B2B7-2EF9AC036B12}.Release|x86.Build.0 = Release|Win32
		{DE2316E0-208D-4D74-AE54-C57EAED8B1FE}.Debug|x64.ActiveCfg = Debug|x64
		{DE2316E0-208D-4D74-AE54-C57EAED8B1FE}.Debug|x64.Build.0 = Debug|x64
		{DE2316E0-208D-4D74-AE54-C57EAED8B1FE}.Debug|x86.ActiveCfg = Debug|Win32
		{DE2316E0-208D-4D74-AE54-C57EAED8B1FE}.Debug|x86.Build.0 = Debug|Win32
		{DE2316E0-208D-4D74-AE54-C57EAED8B1FE}.Release|x64.ActiveCfg = Release|x64
		{DE2316E0-208D-4D74-AE54-C57EAED8B1FE}.Release|x64.Build.0 = Release|x64
		{DE2316E0-208D-4D74-AE54-C57EAED8B1FE}.Release|x86.ActiveCfg = Release|Win32
		{DE2316E0-208D-4D74-AE54-C57EAED8B1FE}.Release|x86.Build.0 = Release|Win32
		{BFBDE046-1E79-4C55-A0F0-514DF5A645C6}.Debug|x64.ActiveCfg = Debug|x64
		{BFBDE046-1E79-4C55-A0F0-514DF5A645C6}.Debug|x64.Build.0 = Debug|x64
		{BFBDE046-1E79-4C55-A0F0-514DF5A645C6}.Debug|x86.ActiveCfg = Debug|Win32
		{BFBDE046-1E79-4C55-A0F0-514DF5A645C6}.Debug|x86.Build.0 = Debug|Win32
		{BFBDE046-1E79-4C55-A0F0-514DF5A645C6}.Release|x64.ActiveCfg = Release|x64
		{BFBDE046-1E79-4C55-A0F0-514DF5A645C6}.Release|x64.Build.0 = Release|x64
		{BFBDE046-1E79-4C55-A0F0-514DF5A645C6}.Release|x86.ActiveCfg = Release|Win32
		{BFBDE046-1E79-4C55-A0F0-514DF5A645C6}.Release|x86.Build.0 = Release|Win32
		{3D3710E4-3828-4F51-98FE-AD0FC1B69465}.Debug|x64.ActiveCfg = Debug|x64
		{3D3710E4-3828-4F51-98FE-AD0FC1B69465}.Debug|x64.Build.0 = Debug|x64
		{3D3710E4-3828-4F51-98FE-AD0FC1B69465}.Debug|x86.ActiveCfg = Debug|Win32
		{3D3710E4-3828-4F51-98FE-AD0FC1B69465}.Debug|x86.Build.0 = Debug|Win32
		{3D3710E4-3828-4F51-98FE-AD0FC1B69465}.Release|x64.ActiveCfg = Release|x64
		{3D3710E4-3828-4F51-98FE-AD0FC1B69465}.Release|x64.Build.0 = Release|x64
		{3D3710E4-3828-4F51-98FE-AD0FC1B69465}.Release|x86.ActiveCfg = Release|Win32
		{3D3710E4-3828-4F51-98FE-AD0FC1B69465}.Release|x86.Build.0 = Release|Win32
		{086DDD58-F96B-4259-A4B9-8894D1F1ED74}.Debug|x64.ActiveCfg = Debug|x64
		{086DDD58-F96B-4259-A4B9-8894D1F1ED74}.Debug|x64.Build.0 = Debug|x64
		{086DDD58-F96B-4259-A4B9-8894D1F1ED74}.Debug|x86.ActiveCfg = Debug|Win32
		{086DDD58-F96B-4259-A4B9-8894D1F1ED74}.Debug|x86.Build.0 = Debug|Win32
		{086DDD58-F96B-4259-A4B9-8894D1F1ED74}.Release|x64.ActiveCfg = Release|x64
		{086DDD58-F96B-4259-A4B9-8894D1F1ED74}.Release|x64.Build.0 = Release|x64
		{086DDD58-F96B-4259-A4B9-8894D1F1ED74}.Release|x86.ActiveCfg = Release|Win32
		{086DDD58-F96B-4259-A4B9-8894D1F1ED74}.Release|x86.Build.0 = Release|Win32
		{5E75FFDC-6414-47A5-B8F3-C338DDF65D28}.Debug|x64.ActiveCfg = Debug|x64
		{5E75FFDC-6414-47A5-B8F3-C338DDF65D28}.Debug|x64.Build.0 = Debug|x64
		{5E75FFDC-6414-47A5-B8F3-C338DDF65D28}.Debug|x86.ActiveCfg = Debug|Win32
		{5E75FFDC-6414-47A5-B8F3-C338DDF65D28}.Debug|x86.Build.0 = Debug|Win32
		{5E75FFDC-6414-47A5-B8F3-C338DDF65D28}.Release|x64.ActiveCfg = Release|x64
		{5E75FFDC-6414-47A5-B8F3-C338DDF65D28}.Release|x64.Build.0 = Release|x64
		{5E75FFDC-6414-47A5-B8F3-C338DDF65D28}.Release|x86.ActiveCfg = Release|Win32
		{5E75FFDC-6414-47A5-B8F3-C338DDF65D28}.Release|x86.Build.0 = Release|Win32
		{4F150A30-CECB-49D1-8283-6A3F57438CF5}.Debug|x64.ActiveCfg = Debug|x64
		{4F150A30-CECB-49D1-8283-6A3F57438CF5}.Debug|x64.Build.0 = Debug|x64
		{4F150A30-CECB-49D1-8283-6A3F57438CF5}.Debug|x86.ActiveCfg = Debug|Win32
		{4F150A30-CECB-49D1-8283-6A3F57438CF5}.Debug|x86.Build.0 = Debug|Win32
		{4F150A30-CECB-49D1-8283-6A3F57438CF5}.Release|x64.ActiveCfg = Release|x64
		{4F150A30-CECB-49D1-8283-6A3F57438CF5}.Release|x64.Build.0 = Release|x64
		{4F150A30-CECB-49D1-8283-6A3F57438CF5}.Release|x86.ActiveCfg = Release|Win32
		{4F150A30-CECB-49D1-8283-6A3F57438CF5}.Release|x86.Build.0 = Release|Win32
		{48C7E85C-F1D0-48BA-B8D1-E8AD1C2089D1}.Debug|x64.ActiveCfg = Debug|x64
		{48C7E85C-F1D0-48BA-B8D1-E8AD1C2089D1}.Debug|x64.Build.0 = Debug|x64
		{48C7E85C-F1D0-48BA-B8D1-E8AD1C2089D1}.Debug|x86.ActiveCfg = Debug|Win32
		{48C7E85C-F1D0-48BA-B8D1-E8AD1C2089D1}.Debug|x86.Build.0 = Debug|Win32
		{48C7E85C-F1D0-48BA-B8D1-E8AD1C2089D1}.Release|x64.ActiveCfg = Release|x64
		{48C7E85C-F1D0-48BA-B8D1-E8AD1C2089D1}.Release|x64.Build.0 = Release|x64
		{48C7E85C-F1D0-48BA-B8D1-E8AD1C2089D1}.Release|x86.ActiveCfg = Release|Win32
		{48C7E85C-F1D0-48BA-B8D1-E8AD1C2089D1}.Release|x86.Build.0 = Release|Win32
		{00C7C1E7-BE17-44BD-A984-5F7A65006130}.Debug|x64.ActiveCfg = Debug|x64
		{00C7C1E7-BE17-44BD-A984-5F7A65006130}.Debug|x64.Build.0 = Debug|x64
		{00C7C1E7-BE17-44BD-A984-5F7A65006130}.Debug|x86.ActiveCfg = Debug|Win32
		{00C7C1E7-BE17-44BD-A984-5F7A65006130}.Debug|x86.Build.0 = Debug|Win32
		{00C7C1E7-BE17-44BD-A984-5F7A65006130}.Release|x64.ActiveCfg = Release|x64
		{00C7C1E7-BE17-44BD-A984-5F7A65006130}.Release|x64.Build.0 = Release|x64
		{00C7C1E7-BE17-44BD-A984-5F7A65006130}.Release|x86.ActiveCfg = Release|Win32
		{00C7C1E7-BE17-44BD-A984-5F7A65006130}.Release|x86.Build.0 = Release|Win32
		{0D034612-14E2-44E7-993A-72344A2CA7BD}.Debug|x64.ActiveCfg = Debug|x64
		{0D034612-14E2-44E7-993A-72344A2CA7BD}.Debug|x64.Build.0 = Debug|x64
		{0D034612-14E2-44E7-993A-72344A2CA7BD}.Debug|x86.ActiveCfg = Debug|Win32
		{0D034612-14E2-44E7-993A-72344A2CA7BD}.Debug|x86.Build.0 = Debug|Win32
		{0D034612-14E2-44E7-993A-72344A2CA7BD}.Release|x64.ActiveCfg = Release|x64
		{0D034612-14E2-44E7-993A-72344A2CA7BD}.Release|x64.Build.0 = Release|x64
		{0D034612-14E2-44E7-993A-72344A2CA7BD}.Release|x86.ActiveCfg = Release|Win32
		{0D034612-14E2-44E7-993A-72344A2CA7BD}.Release|x86.Build.0 = Release|Win32
		{C6BACB65-25ED-4DC8-90F1-FE0AD96FD9D5}.Debug|x64.ActiveCfg = Debug|x64
		{C6BACB65-25ED-4DC8-90F1-FE0AD96FD9D5}.Debug|x64.Build.0 = Debug|x64
		{C6BACB65-25ED-4DC8-90F1-FE0AD96FD9D5}.Debug|x86.ActiveCfg = Debug|Win32
		{C6BACB65-25ED-4DC8-90F1-FE0AD96FD9D5}.Debug|x86.Build.0 = Debug|Win32
		{C6BACB65-25ED-4DC8-90F1-FE0AD96FD9D5}.Release|x64.ActiveCfg = Release|x64
		{C6BACB65-25ED-4DC8-90F1-FE0AD96FD9D5}.Release|x64.Build.0 = Release|x64
		{C6BACB65-25ED-4DC8-90F1-FE0AD96FD9D5}.Release|x86.ActiveCfg = Release|Win32
		{C6BACB65-25ED-4DC8-90F1-FE0AD96FD9D5}.Release|x86.Build.0 = Release|Win32
		{24AAD9D5-7D2F-4FC9-9E29-3AB807944609}.Debug|x64.ActiveCfg = Debug|x64
		{24AAD9D5-7D2F-4FC9-9E29-3AB807944609}.Debug|x64.Build.0 = Debug|x64
		{24AAD9D5-7D2F-4FC9-9E29-3AB807944609}.Debug|x86.ActiveCfg = Debug|Win32
		{24AAD9D5-7D2F-4FC9-9E29-3AB807944609}.Debug|x86.Build.0 = Debug|Win32
		{24AAD9D5-7D2F-4FC9-9E29-3AB807944609}.Release|x64.ActiveCfg = Release|x64
		{24AAD9D5-7D2F-4FC9-9E29-3AB807944609}.Release|x64.Build.0 = Release|x64
		{24AAD9D5-7D2F-4FC9-9E29-3AB807944609}.Release|x86.ActiveCfg = Release|Win32
		{24AAD9D5-7D2F-4FC9-9E29-3AB807944609}.Release|x86.Build.0 = Release|Win32
		{C4D2E0CB-BC8A-45B3-803F-3053614C72B0}.Debug|x64.ActiveCfg = Debug|x64
		{C4D2E0CB-BC8A-45B3-803F-3053614C72B0}.Debug|x64.Build.0 = Debug|x64
		{C4D2E0CB-BC8A-45B3-803F-3053614C72B0}.Debug|x86.ActiveCfg = Debug|Win32
		{C4D2E0CB-BC8A-45B3-803F-3053614C72B0}.Debug|x86.Build.0 = Debug|Win32
		{C4D2E0CB-BC8A-45B3-803F-3053614C72B0}.Release|x64.ActiveCfg = Release|x64
		{C4D2E0CB-BC8A-45B3-803F-3053614C72B0}.Release|x64.Build.0 = Release|x64
		{C4D2E0CB-BC8A-45B3-803F-3053614C72B0}.Release|x86.ActiveCfg = Release|Win32
		{C4D2E0CB-BC8A-45B3-803F-3053614C72B0}.Release|x86.Build.0 = Release|Win32
		{C8B4720F-51C0-44C9-8CDB-C63420FBF1E0}.Debug|x64.ActiveCfg = Debug|x64
		{C8B4720F-51C0-44C9-8CDB-C63420FBF1E0}.Debug|x64.Build.0 = Debug|x64
		{C8B4720F-51C0-44C9-8CDB-C63420FBF1E0}.Debug|x86.ActiveCfg = Debug|Win32
		{C8B4720F-51C0-44C9-8CDB-C63420FBF1E0}.Debug|x86.Build.0 = Debug|Win32
		{C8B4720F-51C0-44C9-8CDB-C63420FBF1E0}.Release|x64.ActiveCfg = Release|x64
		{C8B4720F-51C0-44C9-8CDB-C63420FBF1E0}.Release|x64.Build.0 = Release|x64
		{C8B4720F-51C0-44C9-8CDB-C63420FBF1E0}.Release|x86.ActiveCfg = Release|Win32
		{C8B4720F-51C0-44C9-8CDB-C63420FBF1E0}.Release|x86.Build.0 = Release|Win32
	EndGlobalSection
	GlobalSection(SolutionProperties) = preSolution
		HideSolutionNode = FALSE
	EndGlobalSection
	GlobalSection(NestedProjects) = preSolution
		{D24DDC53-9A5D-41B6-BDE0-3657E0762058} = {61948FAA-D072-475A-84DF-2829D3273F60}
		{63715CAF-36EB-460F-A420-DF69668A0435} = {6FBEC151-C0C2-4F20-A207-E03EF28FF495}
		{3629F01A-6FED-42EB-B308-E9F7F1346EAF} = {61948FAA-D072-475A-84DF-2829D3273F60}
		{4E8C6125-F681-4735-B2D4-EB5CEBA61B57} = {61948FAA-D072-475A-84DF-2829D3273F60}
		{DC3CC62C-99A6-4D8C-A3A4-4CEB2AC72854} = {61948FAA-D072-475A-84DF-2829D3273F60}
		{FF66475B-7FB8-49C7-9E7D-E09EB676ACFD} = {6FBEC151-C0C2-4F20-A207-E03EF28FF495}
		{0BDC987B-44F0-4FA1-BDCC-3A44155F3A83} = {6FBEC151-C0C2-4F20-A207-E03EF28FF495}
		{3A8BEEC5-CA93-40B8-BAD2-A2E4898DAB1D} = {A00DCE90-84B7-4F9C-8431-850600A737FD}
		{25E6493D-2D4B-451A-BE13-5321CF9EBAAF} = {6FBEC151-C0C2-4F20-A207-E03EF28FF495}
		{3EE42365-CDE0-40AF-BF3B-22C939B337B1} = {6FBEC151-C0C2-4F20-A207-E03EF28FF495}
		{E0B52AE7-E160-4D32-BF3F-910B785E5A8E} = {F277303F-62A6-4EC3-A9EA-273E589B6DBF}
		{5ABF2ADD-805D-4515-A652-4C4CCAC8D0CC} = {6FBEC151-C0C2-4F20-A207-E03EF28FF495}
		{1C77085C-F0BA-416D-9413-26E8B8C37DB6} = {6FBEC151-C0C2-4F20-A207-E03EF28FF495}
		{52D656A2-A2F4-4C54-A3C7-653427BED1E8} = {F277303F-62A6-4EC3-A9EA-273E589B6DBF}
		{159DC9EA-3587-4B5C-A2B9-5404A43C77E8} = {E254B551-5A89-477C-B096-81A3235504A9}
		{1B572444-1CD1-4089-89AE-10C1CEB8F3FB} = {D83FB1B6-3035-4BAA-B368-60680853F330}
		{75354D70-3977-4F29-AE8E-DB8564774724} = {6E9E436F-BC56-4502-BF89-538E7089413E}
		{A6E0A205-91D5-4E90-B5DD-D6FC631F6A43} = {E254B551-5A89-477C-B096-81A3235504A9}
		{C337BAD3-DF78-4E29-B8F2-596777138571} = {E254B551-5A89-477C-B096-81A3235504A9}
		{7A03E8BC-FCDB-4F44-8B74-600C6153D141} = {E254B551-5A89-477C-B096-81A3235504A9}
		{1D4BBDC3-83EF-476E-B039-7B833D2451A1} = {E254B551-5A89-477C-B096-81A3235504A9}
		{6C246EFA-876F-4C30-856E-CA5F4C7580F4} = {E254B551-5A89-477C-B096-81A3235504A9}
		{1A373C64-4123-4D8E-85D0-DE132A28BE24} = {E254B551-5A89-477C-B096-81A3235504A9}
		{50276307-3C87-475E-838F-AA2ABE7372C7} = {77402D0C-887E-4BD1-BFC1-82041E65CA9D}
		{ACB11745-8790-4AE2-AE08-4494C62F2C09} = {77402D0C-887E-4BD1-BFC1-82041E65CA9D}
		{B3E1F9F0-35C6-400F-9EC7-833FA4A6FF0E} = {77402D0C-887E-4BD1-BFC1-82041E65CA9D}
		{5FA3BB19-1915-4964-B829-D0FADA463AC3} = {77402D0C-887E-4BD1-BFC1-82041E65CA9D}
		{516192EB-788A-4FE7-B2B7-2EF9AC036B12} = {F277303F-62A6-4EC3-A9EA-273E589B6DBF}
		{DE2316E0-208D-4D74-AE54-C57EAED8B1FE} = {61948FAA-D072-475A-84DF-2829D3273F60}
		{BFBDE046-1E79-4C55-A0F0-514DF5A645C6} = {77402D0C-887E-4BD1-BFC1-82041E65CA9D}
		{3D3710E4-3828-4F51-98FE-AD0FC1B69465} = {77402D0C-887E-4BD1-BFC1-82041E65CA9D}
		{086DDD58-F96B-4259-A4B9-8894D1F1ED74} = {77402D0C-887E-4BD1-BFC1-82041E65CA9D}
		{5E75FFDC-6414-47A5-B8F3-C338DDF65D28} = {77402D0C-887E-4BD1-BFC1-82041E65CA9D}
		{4F150A30-CECB-49D1-8283-6A3F57438CF5} = {F277303F-62A6-4EC3-A9EA-273E589B6DBF}
		{48C7E85C-F1D0-48BA-B8D1-E8AD1C2089D1} = {61948FAA-D072-475A-84DF-2829D3273F60}
		{00C7C1E7-BE17-44BD-A984-5F7A65006130} = {77402D0C-887E-4BD1-BFC1-82041E65CA9D}
		{692937C8-6B6D-4FA6-9E40-37264949B7A3} = {A00DCE90-84B7-4F9C-8431-850600A737FD}
		{B7B48EE2-25C6-472E-AE8F-B2A7D24866A0} = {692937C8-6B6D-4FA6-9E40-37264949B7A3}
		{0D034612-14E2-44E7-993A-72344A2CA7BD} = {F277303F-62A6-4EC3-A9EA-273E589B6DBF}
		{C6BACB65-25ED-4DC8-90F1-FE0AD96FD9D5} = {00CF8DA9-0A2B-4282-8C2D-AC01A0AC13C1}
		{24AAD9D5-7D2F-4FC9-9E29-3AB807944609} = {00CF8DA9-0A2B-4282-8C2D-AC01A0AC13C1}
		{C4D2E0CB-BC8A-45B3-803F-3053614C72B0} = {00CF8DA9-0A2B-4282-8C2D-AC01A0AC13C1}
		{C8B4720F-51C0-44C9-8CDB-C63420FBF1E0} = {00CF8DA9-0A2B-4282-8C2D-AC01A0AC13C1}
	EndGlobalSection
	GlobalSection(ExtensibilityGlobals) = postSolution
		SolutionGuid = {010E0B6F-B2FD-4AD9-A2B3-9FF364F73B7A}
	EndGlobalSection
EndGlobal
