<?xml version="1.0" encoding="utf-8"?>
<Project ToolsVersion="4.0" xmlns="http://schemas.microsoft.com/developer/msbuild/2003">
  <ItemGroup>
    <Filter Include="Inc">
      <UniqueIdentifier>{957eb544-7ecc-4fd3-b8b0-1f5c7c7aebf6}</UniqueIdentifier>
    </Filter>
    <Filter Include="Src">
      <UniqueIdentifier>{e400d22d-fc25-4c23-b153-39124f15c814}</UniqueIdentifier>
    </Filter>
  </ItemGroup>
  <ItemGroup>
    <ClInclude Include="Src\Precompiled.h">
      <Filter>Src</Filter>
    </ClInclude>
    <ClInclude Include="Inc\Common.h">
      <Filter>Inc</Filter>
    </ClInclude>
    <ClInclude Include="Inc\Constants.h">
      <Filter>Inc</Filter>
    </ClInclude>
    <ClInclude Include="Inc\Kick_Math.h">
      <Filter>Inc</Filter>
    </ClInclude>
    <ClInclude Include="Inc\Matrix4.h">
      <Filter>Inc</Filter>
    </ClInclude>
    <ClInclude Include="Inc\Quaternion.h">
      <Filter>Inc</Filter>
    </ClInclude>
    <ClInclude Include="Inc\Vector2.h">
      <Filter>Inc</Filter>
    </ClInclude>
    <ClInclude Include="Inc\Vector3.h">
      <Filter>Inc</Filter>
    </ClInclude>
    <ClInclude Include="Inc\Vector4.h">
      <Filter>Inc</Filter>
    </ClInclude>
  </ItemGroup>
  <ItemGroup>
    <ClCompile Include="Src\Precompiled.cpp">
      <Filter>Src</Filter>
    </ClCompile>
    <ClCompile Include="Src\Kick_Math.cpp">
      <Filter>Src</Filter>
    </ClCompile>
  </ItemGroup>
</Project>